{
  "requires": true,
  "lockfileVersion": 1,
  "dependencies": {
    "@types/prop-types": {
      "version": "15.5.8",
      "resolved": "http://registry.npm.taobao.org/@types/prop-types/download/@types/prop-types-15.5.8.tgz",
      "integrity": "sha1-iuTg6iBf6Vw5AaWh339mSV46Vs4="
    },
    "@types/react": {
      "version": "16.7.18",
      "resolved": "http://registry.npm.taobao.org/@types/react/download/@types/react-16.7.18.tgz",
      "integrity": "sha1-9M4NU5qJPdYeNs0RrjpeVPWkgzc=",
      "requires": {
        "@types/prop-types": "15.5.8",
        "csstype": "2.6.0"
      }
    },
    "@types/react-native": {
      "version": "0.57.26",
      "resolved": "http://registry.npm.taobao.org/@types/react-native/download/@types/react-native-0.57.26.tgz",
      "integrity": "sha1-0Kc32KKyAdCqyEKExqABeT3rwWY=",
      "requires": {
        "@types/prop-types": "15.5.8",
        "@types/react": "16.7.18"
      }
    },
    "@types/react-native-vector-icons": {
      "version": "4.6.4",
      "resolved": "http://registry.npm.taobao.org/@types/react-native-vector-icons/download/@types/react-native-vector-icons-4.6.4.tgz",
      "integrity": "sha1-g8LYjwwmFaRLkFnrdcEfknAsHuI=",
      "requires": {
        "@types/react": "16.7.18",
        "@types/react-native": "0.57.26"
      }
    },
    "csstype": {
      "version": "2.6.0",
      "resolved": "http://registry.npm.taobao.org/csstype/download/csstype-2.6.0.tgz",
      "integrity": "sha1-bPey+n/DKqs9dGgCwkTU7acTcaI="
    }
  }
}
